
Microsoft Visual Studio Solution File, Format Version 12.00
# Visual Studio Version 17
VisualStudioVersion = 17.14.36603.0 d17.14
MinimumVisualStudioVersion = 10.0.40219.1
Project("{FAE04EC0-301F-11D3-BF4B-00C04F79EFBC}") = "Lyric Cover Manager", "Lyric Cover Manager.csproj", "{0BBA91B2-2A8C-413F-8F08-1625E58D8621}"
EndProject
Global
	GlobalSection(SolutionConfigurationPlatforms) = preSolution
		Debug|Any CPU = Debug|Any CPU
		Release|Any CPU = Release|Any CPU
	EndGlobalSection
	GlobalSection(ProjectConfigurationPlatforms) = postSolution
		{0BBA91B2-2A8C-413F-8F08-1625E58D8621}.Debug|Any CPU.ActiveCfg = Debug|Any CPU
		{0BBA91B2-2A8C-413F-8F08-1625E58D8621}.Debug|Any CPU.Build.0 = Debug|Any CPU
		{0BBA91B2-2A8C-413F-8F08-1625E58D8621}.Release|Any CPU.ActiveCfg = Release|Any CPU
		{0BBA91B2-2A8C-413F-8F08-1625E58D8621}.Release|Any CPU.Build.0 = Release|Any CPU
	EndGlobalSection
	GlobalSection(SolutionProperties) = preSolution
		HideSolutionNode = FALSE
	EndGlobalSection
	GlobalSection(ExtensibilityGlobals) = postSolution
		SolutionGuid = {EB008167-CEC3-4A3D-BE8F-C6DC6AE99A00}
	EndGlobalSection
EndGlobal
